// !$*UTF8*$!
{
	archiveVersion = 1;
	classes = {
	};
	objectVersion = 55;
	objects = {

/* Begin PBXBuildFile section */
		AF35EE3E280962E600B77CF0 /* AppDelegate.m in Sources */ = {isa = PBXBuildFile; fileRef = AF35EE3D280962E600B77CF0 /* AppDelegate.m */; };
		AF35EE41280962E600B77CF0 /* SceneDelegate.m in Sources */ = {isa = PBXBuildFile; fileRef = AF35EE40280962E600B77CF0 /* SceneDelegate.m */; };
		AF35EE44280962E600B77CF0 /* ViewController.m in Sources */ = {isa = PBXBuildFile; fileRef = AF35EE43280962E600B77CF0 /* ViewController.m */; };
		AF35EE47280962E600B77CF0 /* Main.storyboard in Resources */ = {isa = PBXBuildFile; fileRef = AF35EE45280962E600B77CF0 /* Main.storyboard */; };
		AF35EE49280962E800B77CF0 /* Assets.xcassets in Resources */ = {isa = PBXBuildFile; fileRef = AF35EE48280962E800B77CF0 /* Assets.xcassets */; };
		AF35EE4C280962E800B77CF0 /* LaunchScreen.storyboard in Resources */ = {isa = PBXBuildFile; fileRef = AF35EE4A280962E800B77CF0 /* LaunchScreen.storyboard */; };
		AF35EE4F280962E800B77CF0 /* main.m in Sources */ = {isa = PBXBuildFile; fileRef = AF35EE4E280962E800B77CF0 /* main.m */; };
		AF35EE59280962E800B77CF0 /* CheckVersionUpateTests.m in Sources */ = {isa = PBXBuildFile; fileRef = AF35EE58280962E800B77CF0 /* CheckVersionUpateTests.m */; };
		AF35EE63280962E800B77CF0 /* CheckVersionUpateUITests.m in Sources */ = {isa = PBXBuildFile; fileRef = AF35EE62280962E800B77CF0 /* CheckVersionUpateUITests.m */; };
		AF35EE65280962E800B77CF0 /* CheckVersionUpateUITestsLaunchTests.m in Sources */ = {isa = PBXBuildFile; fileRef = AF35EE64280962E800B77CF0 /* CheckVersionUpateUITestsLaunchTests.m */; };
		AF35EE742809639F00B77CF0 /* VUVersionHelper.m in Sources */ = {isa = PBXBuildFile; fileRef = AF35EE732809639F00B77CF0 /* VUVersionHelper.m */; };
		AF35FB52280A5D6C00B77CF0 /* Reachability.m in Sources */ = {isa = PBXBuildFile; fileRef = AF35FB51280A5D6C00B77CF0 /* Reachability.m */; };
		AF35FB55280A60FC00B77CF0 /* VUNetworkHelper.m in Sources */ = {isa = PBXBuildFile; fileRef = AF35FB54280A60FC00B77CF0 /* VUNetworkHelper.m */; };
		AF35FB58280A614300B77CF0 /* VUVersionCheckModel.m in Sources */ = {isa = PBXBuildFile; fileRef = AF35FB57280A614300B77CF0 /* VUVersionCheckModel.m */; };
		AF35FB5C280A665E00B77CF0 /* VUForceUpdateView.m in Sources */ = {isa = PBXBuildFile; fileRef = AF35FB5B280A665E00B77CF0 /* VUForceUpdateView.m */; };
		AF35FB5F280A667700B77CF0 /* VUFreeUpdateView.m in Sources */ = {isa = PBXBuildFile; fileRef = AF35FB5E280A667700B77CF0 /* VUFreeUpdateView.m */; };
		AF35FB62280A6C2200B77CF0 /* VUUpdateView.m in Sources */ = {isa = PBXBuildFile; fileRef = AF35FB61280A6C2200B77CF0 /* VUUpdateView.m */; };
		AF35FB66280AA62700B77CF0 /* RSAObjC.m in Sources */ = {isa = PBXBuildFile; fileRef = AF35FB65280AA62700B77CF0 /* RSAObjC.m */; };
		AF35FB69280AB6BA00B77CF0 /* VUDownloadModel.m in Sources */ = {isa = PBXBuildFile; fileRef = AF35FB68280AB6BA00B77CF0 /* VUDownloadModel.m */; };
		AF35FB6C280ABCDF00B77CF0 /* VNDownloadDataTools.m in Sources */ = {isa = PBXBuildFile; fileRef = AF35FB6B280ABCDF00B77CF0 /* VNDownloadDataTools.m */; };
		AF35FB6F280AEF1B00B77CF0 /* VUDownloadProgressView.m in Sources */ = {isa = PBXBuildFile; fileRef = AF35FB6E280AEF1A00B77CF0 /* VUDownloadProgressView.m */; };
		AF35FB73280AF3A500B77CF0 /* VUUITools.m in Sources */ = {isa = PBXBuildFile; fileRef = AF35FB72280AF3A500B77CF0 /* VUUITools.m */; };
/* End PBXBuildFile section */

/* Begin PBXContainerItemProxy section */
		AF35EE55280962E800B77CF0 /* PBXContainerItemProxy */ = {
			isa = PBXContainerItemProxy;
			containerPortal = AF35EE31280962E600B77CF0 /* Project object */;
			proxyType = 1;
			remoteGlobalIDString = AF35EE38280962E600B77CF0;
			remoteInfo = CheckVersionUpate;
		};
		AF35EE5F280962E800B77CF0 /* PBXContainerItemProxy */ = {
			isa = PBXContainerItemProxy;
			containerPortal = AF35EE31280962E600B77CF0 /* Project object */;
			proxyType = 1;
			remoteGlobalIDString = AF35EE38280962E600B77CF0;
			remoteInfo = CheckVersionUpate;
		};
/* End PBXContainerItemProxy section */

/* Begin PBXFileReference section */
		AF35EE39280962E600B77CF0 /* CheckVersionUpate.app */ = {isa = PBXFileReference; explicitFileType = wrapper.application; includeInIndex = 0; path = CheckVersionUpate.app; sourceTree = BUILT_PRODUCTS_DIR; };
		AF35EE3C280962E600B77CF0 /* AppDelegate.h */ = {isa = PBXFileReference; lastKnownFileType = sourcecode.c.h; path = AppDelegate.h; sourceTree = "<group>"; };
		AF35EE3D280962E600B77CF0 /* AppDelegate.m */ = {isa = PBXFileReference; lastKnownFileType = sourcecode.c.objc; path = AppDelegate.m; sourceTree = "<group>"; };
		AF35EE3F280962E600B77CF0 /* SceneDelegate.h */ = {isa = PBXFileReference; lastKnownFileType = sourcecode.c.h; path = SceneDelegate.h; sourceTree = "<group>"; };
		AF35EE40280962E600B77CF0 /* SceneDelegate.m */ = {isa = PBXFileReference; lastKnownFileType = sourcecode.c.objc; path = SceneDelegate.m; sourceTree = "<group>"; };
		AF35EE42280962E600B77CF0 /* ViewController.h */ = {isa = PBXFileReference; lastKnownFileType = sourcecode.c.h; path = ViewController.h; sourceTree = "<group>"; };
		AF35EE43280962E600B77CF0 /* ViewController.m */ = {isa = PBXFileReference; lastKnownFileType = sourcecode.c.objc; path = ViewController.m; sourceTree = "<group>"; };
		AF35EE46280962E600B77CF0 /* Base */ = {isa = PBXFileReference; lastKnownFileType = file.storyboard; name = Base; path = Base.lproj/Main.storyboard; sourceTree = "<group>"; };
		AF35EE48280962E800B77CF0 /* Assets.xcassets */ = {isa = PBXFileReference; lastKnownFileType = folder.assetcatalog; path = Assets.xcassets; sourceTree = "<group>"; };
		AF35EE4B280962E800B77CF0 /* Base */ = {isa = PBXFileReference; lastKnownFileType = file.storyboard; name = Base; path = Base.lproj/LaunchScreen.storyboard; sourceTree = "<group>"; };
		AF35EE4D280962E800B77CF0 /* Info.plist */ = {isa = PBXFileReference; lastKnownFileType = text.plist.xml; path = Info.plist; sourceTree = "<group>"; };
		AF35EE4E280962E800B77CF0 /* main.m */ = {isa = PBXFileReference; lastKnownFileType = sourcecode.c.objc; path = main.m; sourceTree = "<group>"; };
		AF35EE54280962E800B77CF0 /* CheckVersionUpateTests.xctest */ = {isa = PBXFileReference; explicitFileType = wrapper.cfbundle; includeInIndex = 0; path = CheckVersionUpateTests.xctest; sourceTree = BUILT_PRODUCTS_DIR; };
		AF35EE58280962E800B77CF0 /* CheckVersionUpateTests.m */ = {isa = PBXFileReference; lastKnownFileType = sourcecode.c.objc; path = CheckVersionUpateTests.m; sourceTree = "<group>"; };
		AF35EE5E280962E800B77CF0 /* CheckVersionUpateUITests.xctest */ = {isa = PBXFileReference; explicitFileType = wrapper.cfbundle; includeInIndex = 0; path = CheckVersionUpateUITests.xctest; sourceTree = BUILT_PRODUCTS_DIR; };
		AF35EE62280962E800B77CF0 /* CheckVersionUpateUITests.m */ = {isa = PBXFileReference; lastKnownFileType = sourcecode.c.objc; path = CheckVersionUpateUITests.m; sourceTree = "<group>"; };
		AF35EE64280962E800B77CF0 /* CheckVersionUpateUITestsLaunchTests.m */ = {isa = PBXFileReference; lastKnownFileType = sourcecode.c.objc; path = CheckVersionUpateUITestsLaunchTests.m; sourceTree = "<group>"; };
		AF35EE722809639F00B77CF0 /* VUVersionHelper.h */ = {isa = PBXFileReference; lastKnownFileType = sourcecode.c.h; path = VUVersionHelper.h; sourceTree = "<group>"; };
		AF35EE732809639F00B77CF0 /* VUVersionHelper.m */ = {isa = PBXFileReference; lastKnownFileType = sourcecode.c.objc; path = VUVersionHelper.m; sourceTree = "<group>"; };
		AF35FB50280A5D6500B77CF0 /* Reachability.h */ = {isa = PBXFileReference; fileEncoding = 4; lastKnownFileType = sourcecode.c.h; path = Reachability.h; sourceTree = "<group>"; };
		AF35FB51280A5D6C00B77CF0 /* Reachability.m */ = {isa = PBXFileReference; fileEncoding = 4; lastKnownFileType = sourcecode.c.objc; path = Reachability.m; sourceTree = "<group>"; };
		AF35FB53280A60FC00B77CF0 /* VUNetworkHelper.h */ = {isa = PBXFileReference; lastKnownFileType = sourcecode.c.h; path = VUNetworkHelper.h; sourceTree = "<group>"; };
		AF35FB54280A60FC00B77CF0 /* VUNetworkHelper.m */ = {isa = PBXFileReference; lastKnownFileType = sourcecode.c.objc; path = VUNetworkHelper.m; sourceTree = "<group>"; };
		AF35FB56280A614300B77CF0 /* VUVersionCheckModel.h */ = {isa = PBXFileReference; lastKnownFileType = sourcecode.c.h; path = VUVersionCheckModel.h; sourceTree = "<group>"; };
		AF35FB57280A614300B77CF0 /* VUVersionCheckModel.m */ = {isa = PBXFileReference; lastKnownFileType = sourcecode.c.objc; path = VUVersionCheckModel.m; sourceTree = "<group>"; };
		AF35FB5A280A665E00B77CF0 /* VUForceUpdateView.h */ = {isa = PBXFileReference; lastKnownFileType = sourcecode.c.h; path = VUForceUpdateView.h; sourceTree = "<group>"; };
		AF35FB5B280A665E00B77CF0 /* VUForceUpdateView.m */ = {isa = PBXFileReference; lastKnownFileType = sourcecode.c.objc; path = VUForceUpdateView.m; sourceTree = "<group>"; };
		AF35FB5D280A667700B77CF0 /* VUFreeUpdateView.h */ = {isa = PBXFileReference; lastKnownFileType = sourcecode.c.h; path = VUFreeUpdateView.h; sourceTree = "<group>"; };
		AF35FB5E280A667700B77CF0 /* VUFreeUpdateView.m */ = {isa = PBXFileReference; lastKnownFileType = sourcecode.c.objc; path = VUFreeUpdateView.m; sourceTree = "<group>"; };
		AF35FB60280A6C2200B77CF0 /* VUUpdateView.h */ = {isa = PBXFileReference; lastKnownFileType = sourcecode.c.h; path = VUUpdateView.h; sourceTree = "<group>"; };
		AF35FB61280A6C2200B77CF0 /* VUUpdateView.m */ = {isa = PBXFileReference; lastKnownFileType = sourcecode.c.objc; path = VUUpdateView.m; sourceTree = "<group>"; };
		AF35FB64280AA62700B77CF0 /* RSAObjC.h */ = {isa = PBXFileReference; fileEncoding = 4; lastKnownFileType = sourcecode.c.h; path = RSAObjC.h; sourceTree = "<group>"; };
		AF35FB65280AA62700B77CF0 /* RSAObjC.m */ = {isa = PBXFileReference; fileEncoding = 4; lastKnownFileType = sourcecode.c.objc; path = RSAObjC.m; sourceTree = "<group>"; };
		AF35FB67280AB6BA00B77CF0 /* VUDownloadModel.h */ = {isa = PBXFileReference; lastKnownFileType = sourcecode.c.h; path = VUDownloadModel.h; sourceTree = "<group>"; };
		AF35FB68280AB6BA00B77CF0 /* VUDownloadModel.m */ = {isa = PBXFileReference; lastKnownFileType = sourcecode.c.objc; path = VUDownloadModel.m; sourceTree = "<group>"; };
		AF35FB6A280ABCDF00B77CF0 /* VNDownloadDataTools.h */ = {isa = PBXFileReference; lastKnownFileType = sourcecode.c.h; path = VNDownloadDataTools.h; sourceTree = "<group>"; };
		AF35FB6B280ABCDF00B77CF0 /* VNDownloadDataTools.m */ = {isa = PBXFileReference; lastKnownFileType = sourcecode.c.objc; path = VNDownloadDataTools.m; sourceTree = "<group>"; };
		AF35FB6D280AEF1A00B77CF0 /* VUDownloadProgressView.h */ = {isa = PBXFileReference; lastKnownFileType = sourcecode.c.h; path = VUDownloadProgressView.h; sourceTree = "<group>"; };
		AF35FB6E280AEF1A00B77CF0 /* VUDownloadProgressView.m */ = {isa = PBXFileReference; lastKnownFileType = sourcecode.c.objc; path = VUDownloadProgressView.m; sourceTree = "<group>"; };
		AF35FB71280AF3A500B77CF0 /* VUUITools.h */ = {isa = PBXFileReference; lastKnownFileType = sourcecode.c.h; path = VUUITools.h; sourceTree = "<group>"; };
		AF35FB72280AF3A500B77CF0 /* VUUITools.m */ = {isa = PBXFileReference; lastKnownFileType = sourcecode.c.objc; path = VUUITools.m; sourceTree = "<group>"; };
		AF35FB74280BF0FA00B77CF0 /* constant.h */ = {isa = PBXFileReference; lastKnownFileType = sourcecode.c.h; path = constant.h; sourceTree = "<group>"; };
/* End PBXFileReference section */

/* Begin PBXFrameworksBuildPhase section */
		AF35EE36280962E600B77CF0 /* Frameworks */ = {
			isa = PBXFrameworksBuildPhase;
			buildActionMask = 2147483647;
			files = (
			);
			runOnlyForDeploymentPostprocessing = 0;
		};
		AF35EE51280962E800B77CF0 /* Frameworks */ = {
			isa = PBXFrameworksBuildPhase;
			buildActionMask = 2147483647;
			files = (
			);
			runOnlyForDeploymentPostprocessing = 0;
		};
		AF35EE5B280962E800B77CF0 /* Frameworks */ = {
			isa = PBXFrameworksBuildPhase;
			buildActionMask = 2147483647;
			files = (
			);
			runOnlyForDeploymentPostprocessing = 0;
		};
/* End PBXFrameworksBuildPhase section */

/* Begin PBXGroup section */
		AF35EE30280962E600B77CF0 = {
			isa = PBXGroup;
			children = (
				AF35EE3B280962E600B77CF0 /* CheckVersionUpate */,
				AF35EE57280962E800B77CF0 /* CheckVersionUpateTests */,
				AF35EE61280962E800B77CF0 /* CheckVersionUpateUITests */,
				AF35EE3A280962E600B77CF0 /* Products */,
			);
			sourceTree = "<group>";
		};
		AF35EE3A280962E600B77CF0 /* Products */ = {
			isa = PBXGroup;
			children = (
				AF35EE39280962E600B77CF0 /* CheckVersionUpate.app */,
				AF35EE54280962E800B77CF0 /* CheckVersionUpateTests.xctest */,
				AF35EE5E280962E800B77CF0 /* CheckVersionUpateUITests.xctest */,
			);
			name = Products;
			sourceTree = "<group>";
		};
		AF35EE3B280962E600B77CF0 /* CheckVersionUpate */ = {
			isa = PBXGroup;
			children = (
				AF35FB70280AF38C00B77CF0 /* Tools */,
				AF35FB63280AA61200B77CF0 /* RSA */,
				AF35FB4F280A5D5100B77CF0 /* NetWork */,
				AF35EE712809633800B77CF0 /* Sources */,
				AF35EE3C280962E600B77CF0 /* AppDelegate.h */,
				AF35EE3D280962E600B77CF0 /* AppDelegate.m */,
				AF35EE3F280962E600B77CF0 /* SceneDelegate.h */,
				AF35EE40280962E600B77CF0 /* SceneDelegate.m */,
				AF35EE42280962E600B77CF0 /* ViewController.h */,
				AF35EE43280962E600B77CF0 /* ViewController.m */,
				AF35EE45280962E600B77CF0 /* Main.storyboard */,
				AF35EE48280962E800B77CF0 /* Assets.xcassets */,
				AF35EE4A280962E800B77CF0 /* LaunchScreen.storyboard */,
				AF35EE4D280962E800B77CF0 /* Info.plist */,
				AF35EE4E280962E800B77CF0 /* main.m */,
			);
			path = CheckVersionUpate;
			sourceTree = "<group>";
		};
		AF35EE57280962E800B77CF0 /* CheckVersionUpateTests */ = {
			isa = PBXGroup;
			children = (
				AF35EE58280962E800B77CF0 /* CheckVersionUpateTests.m */,
			);
			path = CheckVersionUpateTests;
			sourceTree = "<group>";
		};
		AF35EE61280962E800B77CF0 /* CheckVersionUpateUITests */ = {
			isa = PBXGroup;
			children = (
				AF35EE62280962E800B77CF0 /* CheckVersionUpateUITests.m */,
				AF35EE64280962E800B77CF0 /* CheckVersionUpateUITestsLaunchTests.m */,
			);
			path = CheckVersionUpateUITests;
			sourceTree = "<group>";
		};
		AF35EE712809633800B77CF0 /* Sources */ = {
			isa = PBXGroup;
			children = (
				AF35EE722809639F00B77CF0 /* VUVersionHelper.h */,
				AF35EE732809639F00B77CF0 /* VUVersionHelper.m */,
				AF35FB56280A614300B77CF0 /* VUVersionCheckModel.h */,
				AF35FB57280A614300B77CF0 /* VUVersionCheckModel.m */,
				AF35FB67280AB6BA00B77CF0 /* VUDownloadModel.h */,
				AF35FB68280AB6BA00B77CF0 /* VUDownloadModel.m */,
				AF35FB59280A65E900B77CF0 /* Views */,
			);
			path = Sources;
			sourceTree = "<group>";
		};
		AF35FB4F280A5D5100B77CF0 /* NetWork */ = {
			isa = PBXGroup;
			children = (
				AF35FB50280A5D6500B77CF0 /* Reachability.h */,
				AF35FB51280A5D6C00B77CF0 /* Reachability.m */,
				AF35FB53280A60FC00B77CF0 /* VUNetworkHelper.h */,
				AF35FB54280A60FC00B77CF0 /* VUNetworkHelper.m */,
				AF35FB6A280ABCDF00B77CF0 /* VNDownloadDataTools.h */,
				AF35FB6B280ABCDF00B77CF0 /* VNDownloadDataTools.m */,
			);
			path = NetWork;
			sourceTree = "<group>";
		};
		AF35FB59280A65E900B77CF0 /* Views */ = {
			isa = PBXGroup;
			children = (
				AF35FB5A280A665E00B77CF0 /* VUForceUpdateView.h */,
				AF35FB5B280A665E00B77CF0 /* VUForceUpdateView.m */,
				AF35FB5D280A667700B77CF0 /* VUFreeUpdateView.h */,
				AF35FB5E280A667700B77CF0 /* VUFreeUpdateView.m */,
				AF35FB60280A6C2200B77CF0 /* VUUpdateView.h */,
				AF35FB61280A6C2200B77CF0 /* VUUpdateView.m */,
				AF35FB6D280AEF1A00B77CF0 /* VUDownloadProgressView.h */,
				AF35FB6E280AEF1A00B77CF0 /* VUDownloadProgressView.m */,
			);
			path = Views;
			sourceTree = "<group>";
		};
		AF35FB63280AA61200B77CF0 /* RSA */ = {
			isa = PBXGroup;
			children = (
				AF35FB64280AA62700B77CF0 /* RSAObjC.h */,
				AF35FB65280AA62700B77CF0 /* RSAObjC.m */,
			);
			path = RSA;
			sourceTree = "<group>";
		};
		AF35FB70280AF38C00B77CF0 /* Tools */ = {
			isa = PBXGroup;
			children = (
				AF35FB71280AF3A500B77CF0 /* VUUITools.h */,
				AF35FB72280AF3A500B77CF0 /* VUUITools.m */,
				AF35FB74280BF0FA00B77CF0 /* constant.h */,
			);
			path = Tools;
			sourceTree = "<group>";
		};
/* End PBXGroup section */

/* Begin PBXNativeTarget section */
		AF35EE38280962E600B77CF0 /* CheckVersionUpate */ = {
			isa = PBXNativeTarget;
			buildConfigurationList = AF35EE68280962E800B77CF0 /* Build configuration list for PBXNativeTarget "CheckVersionUpate" */;
			buildPhases = (
				AF35EE35280962E600B77CF0 /* Sources */,
				AF35EE36280962E600B77CF0 /* Frameworks */,
				AF35EE37280962E600B77CF0 /* Resources */,
			);
			buildRules = (
			);
			dependencies = (
			);
			name = CheckVersionUpate;
			productName = CheckVersionUpate;
			productReference = AF35EE39280962E600B77CF0 /* CheckVersionUpate.app */;
			productType = "com.apple.product-type.application";
		};
		AF35EE53280962E800B77CF0 /* CheckVersionUpateTests */ = {
			isa = PBXNativeTarget;
			buildConfigurationList = AF35EE6B280962E800B77CF0 /* Build configuration list for PBXNativeTarget "CheckVersionUpateTests" */;
			buildPhases = (
				AF35EE50280962E800B77CF0 /* Sources */,
				AF35EE51280962E800B77CF0 /* Frameworks */,
				AF35EE52280962E800B77CF0 /* Resources */,
			);
			buildRules = (
			);
			dependencies = (
				AF35EE56280962E800B77CF0 /* PBXTargetDependency */,
			);
			name = CheckVersionUpateTests;
			productName = CheckVersionUpateTests;
			productReference = AF35EE54280962E800B77CF0 /* CheckVersionUpateTests.xctest */;
			productType = "com.apple.product-type.bundle.unit-test";
		};
		AF35EE5D280962E800B77CF0 /* CheckVersionUpateUITests */ = {
			isa = PBXNativeTarget;
			buildConfigurationList = AF35EE6E280962E800B77CF0 /* Build configuration list for PBXNativeTarget "CheckVersionUpateUITests" */;
			buildPhases = (
				AF35EE5A280962E800B77CF0 /* Sources */,
				AF35EE5B280962E800B77CF0 /* Frameworks */,
				AF35EE5C280962E800B77CF0 /* Resources */,
			);
			buildRules = (
			);
			dependencies = (
				AF35EE60280962E800B77CF0 /* PBXTargetDependency */,
			);
			name = CheckVersionUpateUITests;
			productName = CheckVersionUpateUITests;
			productReference = AF35EE5E280962E800B77CF0 /* CheckVersionUpateUITests.xctest */;
			productType = "com.apple.product-type.bundle.ui-testing";
		};
/* End PBXNativeTarget section */

/* Begin PBXProject section */
		AF35EE31280962E600B77CF0 /* Project object */ = {
			isa = PBXProject;
			attributes = {
				BuildIndependentTargetsInParallel = 1;
				LastUpgradeCheck = 1320;
				TargetAttributes = {
					AF35EE38280962E600B77CF0 = {
						CreatedOnToolsVersion = 13.2;
					};
					AF35EE53280962E800B77CF0 = {
						CreatedOnToolsVersion = 13.2;
						TestTargetID = AF35EE38280962E600B77CF0;
					};
					AF35EE5D280962E800B77CF0 = {
						CreatedOnToolsVersion = 13.2;
						TestTargetID = AF35EE38280962E600B77CF0;
					};
				};
			};
			buildConfigurationList = AF35EE34280962E600B77CF0 /* Build configuration list for PBXProject "CheckVersionUpate" */;
			compatibilityVersion = "Xcode 13.0";
			developmentRegion = en;
			hasScannedForEncodings = 0;
			knownRegions = (
				en,
				Base,
			);
			mainGroup = AF35EE30280962E600B77CF0;
			productRefGroup = AF35EE3A280962E600B77CF0 /* Products */;
			projectDirPath = "";
			projectRoot = "";
			targets = (
				AF35EE38280962E600B77CF0 /* CheckVersionUpate */,
				AF35EE53280962E800B77CF0 /* CheckVersionUpateTests */,
				AF35EE5D280962E800B77CF0 /* CheckVersionUpateUITests */,
			);
		};
/* End PBXProject section */

/* Begin PBXResourcesBuildPhase section */
		AF35EE37280962E600B77CF0 /* Resources */ = {
			isa = PBXResourcesBuildPhase;
			buildActionMask = 2147483647;
			files = (
				AF35EE4C280962E800B77CF0 /* LaunchScreen.storyboard in Resources */,
				AF35EE49280962E800B77CF0 /* Assets.xcassets in Resources */,
				AF35EE47280962E600B77CF0 /* Main.storyboard in Resources */,
			);
			runOnlyForDeploymentPostprocessing = 0;
		};
		AF35EE52280962E800B77CF0 /* Resources */ = {
			isa = PBXResourcesBuildPhase;
			buildActionMask = 2147483647;
			files = (
			);
			runOnlyForDeploymentPostprocessing = 0;
		};
		AF35EE5C280962E800B77CF0 /* Resources */ = {
			isa = PBXResourcesBuildPhase;
			buildActionMask = 2147483647;
			files = (
			);
			runOnlyForDeploymentPostprocessing = 0;
		};
/* End PBXResourcesBuildPhase section */

/* Begin PBXSourcesBuildPhase section */
		AF35EE35280962E600B77CF0 /* Sources */ = {
			isa = PBXSourcesBuildPhase;
			buildActionMask = 2147483647;
			files = (
				AF35FB73280AF3A500B77CF0 /* VUUITools.m in Sources */,
				AF35FB58280A614300B77CF0 /* VUVersionCheckModel.m in Sources */,
				AF35FB62280A6C2200B77CF0 /* VUUpdateView.m in Sources */,
				AF35EE44280962E600B77CF0 /* ViewController.m in Sources */,
				AF35EE3E280962E600B77CF0 /* AppDelegate.m in Sources */,
				AF35EE742809639F00B77CF0 /* VUVersionHelper.m in Sources */,
				AF35FB6C280ABCDF00B77CF0 /* VNDownloadDataTools.m in Sources */,
				AF35FB6F280AEF1B00B77CF0 /* VUDownloadProgressView.m in Sources */,
				AF35EE4F280962E800B77CF0 /* main.m in Sources */,
				AF35FB55280A60FC00B77CF0 /* VUNetworkHelper.m in Sources */,
				AF35FB69280AB6BA00B77CF0 /* VUDownloadModel.m in Sources */,
				AF35FB5F280A667700B77CF0 /* VUFreeUpdateView.m in Sources */,
				AF35FB66280AA62700B77CF0 /* RSAObjC.m in Sources */,
				AF35FB5C280A665E00B77CF0 /* VUForceUpdateView.m in Sources */,
				AF35FB52280A5D6C00B77CF0 /* Reachability.m in Sources */,
				AF35EE41280962E600B77CF0 /* SceneDelegate.m in Sources */,
			);
			runOnlyForDeploymentPostprocessing = 0;
		};
		AF35EE50280962E800B77CF0 /* Sources */ = {
			isa = PBXSourcesBuildPhase;
			buildActionMask = 2147483647;
			files = (
				AF35EE59280962E800B77CF0 /* CheckVersionUpateTests.m in Sources */,
			);
			runOnlyForDeploymentPostprocessing = 0;
		};
		AF35EE5A280962E800B77CF0 /* Sources */ = {
			isa = PBXSourcesBuildPhase;
			buildActionMask = 2147483647;
			files = (
				AF35EE65280962E800B77CF0 /* CheckVersionUpateUITestsLaunchTests.m in Sources */,
				AF35EE63280962E800B77CF0 /* CheckVersionUpateUITests.m in Sources */,
			);
			runOnlyForDeploymentPostprocessing = 0;
		};
/* End PBXSourcesBuildPhase section */

/* Begin PBXTargetDependency section */
		AF35EE56280962E800B77CF0 /* PBXTargetDependency */ = {
			isa = PBXTargetDependency;
			target = AF35EE38280962E600B77CF0 /* CheckVersionUpate */;
			targetProxy = AF35EE55280962E800B77CF0 /* PBXContainerItemProxy */;
		};
		AF35EE60280962E800B77CF0 /* PBXTargetDependency */ = {
			isa = PBXTargetDependency;
			target = AF35EE38280962E600B77CF0 /* CheckVersionUpate */;
			targetProxy = AF35EE5F280962E800B77CF0 /* PBXContainerItemProxy */;
		};
/* End PBXTargetDependency section */

/* Begin PBXVariantGroup section */
		AF35EE45280962E600B77CF0 /* Main.storyboard */ = {
			isa = PBXVariantGroup;
			children = (
				AF35EE46280962E600B77CF0 /* Base */,
			);
			name = Main.storyboard;
			sourceTree = "<group>";
		};
		AF35EE4A280962E800B77CF0 /* LaunchScreen.storyboard */ = {
			isa = PBXVariantGroup;
			children = (
				AF35EE4B280962E800B77CF0 /* Base */,
			);
			name = LaunchScreen.storyboard;
			sourceTree = "<group>";
		};
/* End PBXVariantGroup section */

/* Begin XCBuildConfiguration section */
		AF35EE66280962E800B77CF0 /* Debug */ = {
			isa = XCBuildConfiguration;
			buildSettings = {
				ALWAYS_SEARCH_USER_PATHS = NO;
				CLANG_ANALYZER_NONNULL = YES;
				CLANG_ANALYZER_NUMBER_OBJECT_CONVERSION = YES_AGGRESSIVE;
				CLANG_CXX_LANGUAGE_STANDARD = "gnu++17";
				CLANG_CXX_LIBRARY = "libc++";
				CLANG_ENABLE_MODULES = YES;
				CLANG_ENABLE_OBJC_ARC = YES;
				CLANG_ENABLE_OBJC_WEAK = YES;
				CLANG_WARN_BLOCK_CAPTURE_AUTORELEASING = YES;
				CLANG_WARN_BOOL_CONVERSION = YES;
				CLANG_WARN_COMMA = YES;
				CLANG_WARN_CONSTANT_CONVERSION = YES;
				CLANG_WARN_DEPRECATED_OBJC_IMPLEMENTATIONS = YES;
				CLANG_WARN_DIRECT_OBJC_ISA_USAGE = YES_ERROR;
				CLANG_WARN_DOCUMENTATION_COMMENTS = YES;
				CLANG_WARN_EMPTY_BODY = YES;
				CLANG_WARN_ENUM_CONVERSION = YES;
				CLANG_WARN_INFINITE_RECURSION = YES;
				CLANG_WARN_INT_CONVERSION = YES;
				CLANG_WARN_NON_LITERAL_NULL_CONVERSION = YES;
				CLANG_WARN_OBJC_IMPLICIT_RETAIN_SELF = YES;
				CLANG_WARN_OBJC_LITERAL_CONVERSION = YES;
				CLANG_WARN_OBJC_ROOT_CLASS = YES_ERROR;
				CLANG_WARN_QUOTED_INCLUDE_IN_FRAMEWORK_HEADER = YES;
				CLANG_WARN_RANGE_LOOP_ANALYSIS = YES;
				CLANG_WARN_STRICT_PROTOTYPES = YES;
				CLANG_WARN_SUSPICIOUS_MOVE = YES;
				CLANG_WARN_UNGUARDED_AVAILABILITY = YES_AGGRESSIVE;
				CLANG_WARN_UNREACHABLE_CODE = YES;
				CLANG_WARN__DUPLICATE_METHOD_MATCH = YES;
				COPY_PHASE_STRIP = NO;
				DEBUG_INFORMATION_FORMAT = dwarf;
				ENABLE_STRICT_OBJC_MSGSEND = YES;
				ENABLE_TESTABILITY = YES;
				GCC_C_LANGUAGE_STANDARD = gnu11;
				GCC_DYNAMIC_NO_PIC = NO;
				GCC_NO_COMMON_BLOCKS = YES;
				GCC_OPTIMIZATION_LEVEL = 0;
				GCC_PREPROCESSOR_DEFINITIONS = (
					"DEBUG=1",
					"$(inherited)",
				);
				GCC_WARN_64_TO_32_BIT_CONVERSION = YES;
				GCC_WARN_ABOUT_RETURN_TYPE = YES_ERROR;
				GCC_WARN_UNDECLARED_SELECTOR = YES;
				GCC_WARN_UNINITIALIZED_AUTOS = YES_AGGRESSIVE;
				GCC_WARN_UNUSED_FUNCTION = YES;
				GCC_WARN_UNUSED_VARIABLE = YES;
				IPHONEOS_DEPLOYMENT_TARGET = 15.2;
				MTL_ENABLE_DEBUG_INFO = INCLUDE_SOURCE;
				MTL_FAST_MATH = YES;
				ONLY_ACTIVE_ARCH = YES;
				SDKROOT = iphoneos;
			};
			name = Debug;
		};
		AF35EE67280962E800B77CF0 /* Release */ = {
			isa = XCBuildConfiguration;
			buildSettings = {
				ALWAYS_SEARCH_USER_PATHS = NO;
				CLANG_ANALYZER_NONNULL = YES;
				CLANG_ANALYZER_NUMBER_OBJECT_CONVERSION = YES_AGGRESSIVE;
				CLANG_CXX_LANGUAGE_STANDARD = "gnu++17";
				CLANG_CXX_LIBRARY = "libc++";
				CLANG_ENABLE_MODULES = YES;
				CLANG_ENABLE_OBJC_ARC = YES;
				CLANG_ENABLE_OBJC_WEAK = YES;
				CLANG_WARN_BLOCK_CAPTURE_AUTORELEASING = YES;
				CLANG_WARN_BOOL_CONVERSION = YES;
				CLANG_WARN_COMMA = YES;
				CLANG_WARN_CONSTANT_CONVERSION = YES;
				CLANG_WARN_DEPRECATED_OBJC_IMPLEMENTATIONS = YES;
				CLANG_WARN_DIRECT_OBJC_ISA_USAGE = YES_ERROR;
				CLANG_WARN_DOCUMENTATION_COMMENTS = YES;
				CLANG_WARN_EMPTY_BODY = YES;
				CLANG_WARN_ENUM_CONVERSION = YES;
				CLANG_WARN_INFINITE_RECURSION = YES;
				CLANG_WARN_INT_CONVERSION = YES;
				CLANG_WARN_NON_LITERAL_NULL_CONVERSION = YES;
				CLANG_WARN_OBJC_IMPLICIT_RETAIN_SELF = YES;
				CLANG_WARN_OBJC_LITERAL_CONVERSION = YES;
				CLANG_WARN_OBJC_ROOT_CLASS = YES_ERROR;
				CLANG_WARN_QUOTED_INCLUDE_IN_FRAMEWORK_HEADER = YES;
				CLANG_WARN_RANGE_LOOP_ANALYSIS = YES;
				CLANG_WARN_STRICT_PROTOTYPES = YES;
				CLANG_WARN_SUSPICIOUS_MOVE = YES;
				CLANG_WARN_UNGUARDED_AVAILABILITY = YES_AGGRESSIVE;
				CLANG_WARN_UNREACHABLE_CODE = YES;
				CLANG_WARN__DUPLICATE_METHOD_MATCH = YES;
				COPY_PHASE_STRIP = NO;
				DEBUG_INFORMATION_FORMAT = "dwarf-with-dsym";
				ENABLE_NS_ASSERTIONS = NO;
				ENABLE_STRICT_OBJC_MSGSEND = YES;
				GCC_C_LANGUAGE_STANDARD = gnu11;
				GCC_NO_COMMON_BLOCKS = YES;
				GCC_WARN_64_TO_32_BIT_CONVERSION = YES;
				GCC_WARN_ABOUT_RETURN_TYPE = YES_ERROR;
				GCC_WARN_UNDECLARED_SELECTOR = YES;
				GCC_WARN_UNINITIALIZED_AUTOS = YES_AGGRESSIVE;
				GCC_WARN_UNUSED_FUNCTION = YES;
				GCC_WARN_UNUSED_VARIABLE = YES;
				IPHONEOS_DEPLOYMENT_TARGET = 15.2;
				MTL_ENABLE_DEBUG_INFO = NO;
				MTL_FAST_MATH = YES;
				SDKROOT = iphoneos;
				VALIDATE_PRODUCT = YES;
			};
			name = Release;
		};
		AF35EE69280962E800B77CF0 /* Debug */ = {
			isa = XCBuildConfiguration;
			buildSettings = {
				ASSETCATALOG_COMPILER_APPICON_NAME = AppIcon;
				ASSETCATALOG_COMPILER_GLOBAL_ACCENT_COLOR_NAME = AccentColor;
				CODE_SIGN_STYLE = Automatic;
				CURRENT_PROJECT_VERSION = 1;
				GENERATE_INFOPLIST_FILE = YES;
				INFOPLIST_FILE = CheckVersionUpate/Info.plist;
				INFOPLIST_KEY_UIApplicationSupportsIndirectInputEvents = YES;
				INFOPLIST_KEY_UILaunchStoryboardName = LaunchScreen;
				INFOPLIST_KEY_UIMainStoryboardFile = Main;
				INFOPLIST_KEY_UISupportedInterfaceOrientations_iPad = "UIInterfaceOrientationPortrait UIInterfaceOrientationPortraitUpsideDown UIInterfaceOrientationLandscapeLeft UIInterfaceOrientationLandscapeRight";
				INFOPLIST_KEY_UISupportedInterfaceOrientations_iPhone = "UIInterfaceOrientationPortrait UIInterfaceOrientationLandscapeLeft UIInterfaceOrientationLandscapeRight";
				IPHONEOS_DEPLOYMENT_TARGET = 12.0;
				LD_RUNPATH_SEARCH_PATHS = (
					"$(inherited)",
					"@executable_path/Frameworks",
				);
				MARKETING_VERSION = 1.0;
				PRODUCT_BUNDLE_IDENTIFIER = com.version.update.CheckVersionUpate;
				PRODUCT_NAME = "$(TARGET_NAME)";
				SWIFT_EMIT_LOC_STRINGS = YES;
				TARGETED_DEVICE_FAMILY = "1,2";
			};
			name = Debug;
		};
		AF35EE6A280962E800B77CF0 /* Release */ = {
			isa = XCBuildConfiguration;
			buildSettings = {
				ASSETCATALOG_COMPILER_APPICON_NAME = AppIcon;
				ASSETCATALOG_COMPILER_GLOBAL_ACCENT_COLOR_NAME = AccentColor;
				CODE_SIGN_STYLE = Automatic;
				CURRENT_PROJECT_VERSION = 1;
				GENERATE_INFOPLIST_FILE = YES;
				INFOPLIST_FILE = CheckVersionUpate/Info.plist;
				INFOPLIST_KEY_UIApplicationSupportsIndirectInputEvents = YES;
				INFOPLIST_KEY_UILaunchStoryboardName = LaunchScreen;
				INFOPLIST_KEY_UIMainStoryboardFile = Main;
				INFOPLIST_KEY_UISupportedInterfaceOrientations_iPad = "UIInterfaceOrientationPortrait UIInterfaceOrientationPortraitUpsideDown UIInterfaceOrientationLandscapeLeft UIInterfaceOrientationLandscapeRight";
				INFOPLIST_KEY_UISupportedInterfaceOrientations_iPhone = "UIInterfaceOrientationPortrait UIInterfaceOrientationLandscapeLeft UIInterfaceOrientationLandscapeRight";
				IPHONEOS_DEPLOYMENT_TARGET = 12.0;
				LD_RUNPATH_SEARCH_PATHS = (
					"$(inherited)",
					"@executable_path/Frameworks",
				);
				MARKETING_VERSION = 1.0;
				PRODUCT_BUNDLE_IDENTIFIER = com.version.update.CheckVersionUpate;
				PRODUCT_NAME = "$(TARGET_NAME)";
				SWIFT_EMIT_LOC_STRINGS = YES;
				TARGETED_DEVICE_FAMILY = "1,2";
			};
			name = Release;
		};
		AF35EE6C280962E800B77CF0 /* Debug */ = {
			isa = XCBuildConfiguration;
			buildSettings = {
				BUNDLE_LOADER = "$(TEST_HOST)";
				CODE_SIGN_STYLE = Automatic;
				CURRENT_PROJECT_VERSION = 1;
				GENERATE_INFOPLIST_FILE = YES;
				IPHONEOS_DEPLOYMENT_TARGET = 15.2;
				MARKETING_VERSION = 1.0;
				PRODUCT_BUNDLE_IDENTIFIER = com.version.update.CheckVersionUpateTests;
				PRODUCT_NAME = "$(TARGET_NAME)";
				SWIFT_EMIT_LOC_STRINGS = NO;
				TARGETED_DEVICE_FAMILY = "1,2";
				TEST_HOST = "$(BUILT_PRODUCTS_DIR)/CheckVersionUpate.app/CheckVersionUpate";
			};
			name = Debug;
		};
		AF35EE6D280962E800B77CF0 /* Release */ = {
			isa = XCBuildConfiguration;
			buildSettings = {
				BUNDLE_LOADER = "$(TEST_HOST)";
				CODE_SIGN_STYLE = Automatic;
				CURRENT_PROJECT_VERSION = 1;
				GENERATE_INFOPLIST_FILE = YES;
				IPHONEOS_DEPLOYMENT_TARGET = 15.2;
				MARKETING_VERSION = 1.0;
				PRODUCT_BUNDLE_IDENTIFIER = com.version.update.CheckVersionUpateTests;
				PRODUCT_NAME = "$(TARGET_NAME)";
				SWIFT_EMIT_LOC_STRINGS = NO;
				TARGETED_DEVICE_FAMILY = "1,2";
				TEST_HOST = "$(BUILT_PRODUCTS_DIR)/CheckVersionUpate.app/CheckVersionUpate";
			};
			name = Release;
		};
		AF35EE6F280962E800B77CF0 /* Debug */ = {
			isa = XCBuildConfiguration;
			buildSettings = {
				CODE_SIGN_STYLE = Automatic;
				CURRENT_PROJECT_VERSION = 1;
				GENERATE_INFOPLIST_FILE = YES;
				MARKETING_VERSION = 1.0;
				PRODUCT_BUNDLE_IDENTIFIER = com.version.update.CheckVersionUpateUITests;
				PRODUCT_NAME = "$(TARGET_NAME)";
				SWIFT_EMIT_LOC_STRINGS = NO;
				TARGETED_DEVICE_FAMILY = "1,2";
				TEST_TARGET_NAME = CheckVersionUpate;
			};
			name = Debug;
		};
		AF35EE70280962E800B77CF0 /* Release */ = {
			isa = XCBuildConfiguration;
			buildSettings = {
				CODE_SIGN_STYLE = Automatic;
				CURRENT_PROJECT_VERSION = 1;
				GENERATE_INFOPLIST_FILE = YES;
				MARKETING_VERSION = 1.0;
				PRODUCT_BUNDLE_IDENTIFIER = com.version.update.CheckVersionUpateUITests;
				PRODUCT_NAME = "$(TARGET_NAME)";
				SWIFT_EMIT_LOC_STRINGS = NO;
				TARGETED_DEVICE_FAMILY = "1,2";
				TEST_TARGET_NAME = CheckVersionUpate;
			};
			name = Release;
		};
/* End XCBuildConfiguration section */

/* Begin XCConfigurationList section */
		AF35EE34280962E600B77CF0 /* Build configuration list for PBXProject "CheckVersionUpate" */ = {
			isa = XCConfigurationList;
			buildConfigurations = (
				AF35EE66280962E800B77CF0 /* Debug */,
				AF35EE67280962E800B77CF0 /* Release */,
			);
			defaultConfigurationIsVisible = 0;
			defaultConfigurationName = Release;
		};
		AF35EE68280962E800B77CF0 /* Build configuration list for PBXNativeTarget "CheckVersionUpate" */ = {
			isa = XCConfigurationList;
			buildConfigurations = (
				AF35EE69280962E800B77CF0 /* Debug */,
				AF35EE6A280962E800B77CF0 /* Release */,
			);
			defaultConfigurationIsVisible = 0;
			defaultConfigurationName = Release;
		};
		AF35EE6B280962E800B77CF0 /* Build configuration list for PBXNativeTarget "CheckVersionUpateTests" */ = {
			isa = XCConfigurationList;
			buildConfigurations = (
				AF35EE6C280962E800B77CF0 /* Debug */,
				AF35EE6D280962E800B77CF0 /* Release */,
			);
			defaultConfigurationIsVisible = 0;
			defaultConfigurationName = Release;
		};
		AF35EE6E280962E800B77CF0 /* Build configuration list for PBXNativeTarget "CheckVersionUpateUITests" */ = {
			isa = XCConfigurationList;
			buildConfigurations = (
				AF35EE6F280962E800B77CF0 /* Debug */,
				AF35EE70280962E800B77CF0 /* Release */,
			);
			defaultConfigurationIsVisible = 0;
			defaultConfigurationName = Release;
		};
/* End XCConfigurationList section */
	};
	rootObject = AF35EE31280962E600B77CF0 /* Project object */;
}
